
Microsoft Visual Studio Solution File, Format Version 12.00
# Visual Studio 14
VisualStudioVersion = 14.0.25420.1
MinimumVisualStudioVersion = 10.0.40219.1
Project("{FAE04EC0-301F-11D3-BF4B-00C04F79EFBC}") = "MyProject", "MyProject\MyProject.csproj", "{8011D8B0-ED7B-4F8C-84BB-9E75F4DAE4D3}"
EndProject
Project("{FAE04EC0-301F-11D3-BF4B-00C04F79EFBC}") = "MyProject.Domain", "MyProject.Domain\MyProject.Domain.csproj", "{6C6FEA30-AAC6-4FB2-8E2D-A4EA8C88921D}"
EndProject
Project("{FAE04EC0-301F-11D3-BF4B-00C04F79EFBC}") = "MyProject.Sc", "MyProject.Sc\MyProject.Sc.csproj", "{12DCD2FC-A1F3-445C-91B0-EEC8E81AE17B}"
EndProject
Project("{CAA73BB0-EF22-4D79-A57E-DF67B3BA9C80}") = "MyProject.TDS.Core", "MyProject.TDS.Core\MyProject.TDS.Core.scproj", "{43F29F44-4E12-4D5A-8EE1-A50EF198767E}"
EndProject
Project("{CAA73BB0-EF22-4D79-A57E-DF67B3BA9C80}") = "MyProject.TDS.Master", "MyProject.TDS.Master\MyProject.TDS.Master.scproj", "{12FBDAF7-3453-48E0-8424-D35DD20A43EA}"
EndProject
Project("{CAA73BB0-EF22-4D79-A57E-DF67B3BA9C80}") = "MyProject.TDS.Master.Content", "MyProject.TDS.Master.Content\MyProject.TDS.Master.Content.scproj", "{351B6E1E-0AE0-4251-BF53-BEC6BA67961F}"
EndProject
Project("{CAA73BB0-EF22-4D79-A57E-DF67B3BA9C80}") = "MyProject.TDS.Master.System", "MyProject.TDS.Master.System\MyProject.TDS.Master.System.scproj", "{AD299792-8F14-4790-B667-E8498109CECD}"
EndProject
Global
	GlobalSection(SolutionConfigurationPlatforms) = preSolution
		Debug|Any CPU = Debug|Any CPU
		Release|Any CPU = Release|Any CPU
	EndGlobalSection
	GlobalSection(ProjectConfigurationPlatforms) = postSolution
		{8011D8B0-ED7B-4F8C-84BB-9E75F4DAE4D3}.Debug|Any CPU.ActiveCfg = Debug|Any CPU
		{8011D8B0-ED7B-4F8C-84BB-9E75F4DAE4D3}.Debug|Any CPU.Build.0 = Debug|Any CPU
		{8011D8B0-ED7B-4F8C-84BB-9E75F4DAE4D3}.Release|Any CPU.ActiveCfg = Release|Any CPU
		{8011D8B0-ED7B-4F8C-84BB-9E75F4DAE4D3}.Release|Any CPU.Build.0 = Release|Any CPU
		{6C6FEA30-AAC6-4FB2-8E2D-A4EA8C88921D}.Debug|Any CPU.ActiveCfg = Debug|Any CPU
		{6C6FEA30-AAC6-4FB2-8E2D-A4EA8C88921D}.Debug|Any CPU.Build.0 = Debug|Any CPU
		{6C6FEA30-AAC6-4FB2-8E2D-A4EA8C88921D}.Release|Any CPU.ActiveCfg = Release|Any CPU
		{6C6FEA30-AAC6-4FB2-8E2D-A4EA8C88921D}.Release|Any CPU.Build.0 = Release|Any CPU
		{12DCD2FC-A1F3-445C-91B0-EEC8E81AE17B}.Debug|Any CPU.ActiveCfg = Debug|Any CPU
		{12DCD2FC-A1F3-445C-91B0-EEC8E81AE17B}.Debug|Any CPU.Build.0 = Debug|Any CPU
		{12DCD2FC-A1F3-445C-91B0-EEC8E81AE17B}.Release|Any CPU.ActiveCfg = Release|Any CPU
		{12DCD2FC-A1F3-445C-91B0-EEC8E81AE17B}.Release|Any CPU.Build.0 = Release|Any CPU
		{43F29F44-4E12-4D5A-8EE1-A50EF198767E}.Debug|Any CPU.ActiveCfg = Debug|Any CPU
		{43F29F44-4E12-4D5A-8EE1-A50EF198767E}.Debug|Any CPU.Build.0 = Debug|Any CPU
		{43F29F44-4E12-4D5A-8EE1-A50EF198767E}.Debug|Any CPU.Deploy.0 = Debug|Any CPU
		{43F29F44-4E12-4D5A-8EE1-A50EF198767E}.Release|Any CPU.ActiveCfg = Release|Any CPU
		{43F29F44-4E12-4D5A-8EE1-A50EF198767E}.Release|Any CPU.Build.0 = Release|Any CPU
		{43F29F44-4E12-4D5A-8EE1-A50EF198767E}.Release|Any CPU.Deploy.0 = Release|Any CPU
		{12FBDAF7-3453-48E0-8424-D35DD20A43EA}.Debug|Any CPU.ActiveCfg = Debug|Any CPU
		{12FBDAF7-3453-48E0-8424-D35DD20A43EA}.Debug|Any CPU.Build.0 = Debug|Any CPU
		{12FBDAF7-3453-48E0-8424-D35DD20A43EA}.Debug|Any CPU.Deploy.0 = Debug|Any CPU
		{12FBDAF7-3453-48E0-8424-D35DD20A43EA}.Release|Any CPU.ActiveCfg = Release|Any CPU
		{12FBDAF7-3453-48E0-8424-D35DD20A43EA}.Release|Any CPU.Build.0 = Release|Any CPU
		{12FBDAF7-3453-48E0-8424-D35DD20A43EA}.Release|Any CPU.Deploy.0 = Release|Any CPU
		{351B6E1E-0AE0-4251-BF53-BEC6BA67961F}.Debug|Any CPU.ActiveCfg = Debug|Any CPU
		{351B6E1E-0AE0-4251-BF53-BEC6BA67961F}.Debug|Any CPU.Build.0 = Debug|Any CPU
		{351B6E1E-0AE0-4251-BF53-BEC6BA67961F}.Debug|Any CPU.Deploy.0 = Debug|Any CPU
		{351B6E1E-0AE0-4251-BF53-BEC6BA67961F}.Release|Any CPU.ActiveCfg = Release|Any CPU
		{351B6E1E-0AE0-4251-BF53-BEC6BA67961F}.Release|Any CPU.Build.0 = Release|Any CPU
		{351B6E1E-0AE0-4251-BF53-BEC6BA67961F}.Release|Any CPU.Deploy.0 = Release|Any CPU
		{AD299792-8F14-4790-B667-E8498109CECD}.Debug|Any CPU.ActiveCfg = Debug|Any CPU
		{AD299792-8F14-4790-B667-E8498109CECD}.Debug|Any CPU.Build.0 = Debug|Any CPU
		{AD299792-8F14-4790-B667-E8498109CECD}.Debug|Any CPU.Deploy.0 = Debug|Any CPU
		{AD299792-8F14-4790-B667-E8498109CECD}.Release|Any CPU.ActiveCfg = Release|Any CPU
		{AD299792-8F14-4790-B667-E8498109CECD}.Release|Any CPU.Build.0 = Release|Any CPU
		{AD299792-8F14-4790-B667-E8498109CECD}.Release|Any CPU.Deploy.0 = Release|Any CPU
	EndGlobalSection
	GlobalSection(SolutionProperties) = preSolution
		HideSolutionNode = FALSE
	EndGlobalSection
EndGlobal
